
Microsoft Visual Studio Solution File, Format Version 12.00
# Visual Studio Version 17
VisualStudioVersion = 17.0.32014.148
MinimumVisualStudioVersion = 10.0.40219.1
Project("{FAE04EC0-301F-11D3-BF4B-00C04F79EFBC}") = "WebAssemblySeleniumWebDriver", "WebAssemblySeleniumWebDriver\WebAssemblySeleniumWebDriver.csproj", "{28305CB3-414D-45E8-99DE-0096E440E73A}"
EndProject
Global
	GlobalSection(SolutionConfigurationPlatforms) = preSolution
		Debug|Any CPU = Debug|Any CPU
		Release|Any CPU = Release|Any CPU
	EndGlobalSection
	GlobalSection(ProjectConfigurationPlatforms) = postSolution
		{28305CB3-414D-45E8-99DE-0096E440E73A}.Debug|Any CPU.ActiveCfg = Debug|Any CPU
		{28305CB3-414D-45E8-99DE-0096E440E73A}.Debug|Any CPU.Build.0 = Debug|Any CPU
		{28305CB3-414D-45E8-99DE-0096E440E73A}.Release|Any CPU.ActiveCfg = Release|Any CPU
		{28305CB3-414D-45E8-99DE-0096E440E73A}.Release|Any CPU.Build.0 = Release|Any CPU
	EndGlobalSection
	GlobalSection(SolutionProperties) = preSolution
		HideSolutionNode = FALSE
	EndGlobalSection
	GlobalSection(ExtensibilityGlobals) = postSolution
		SolutionGuid = {20352DE3-22A6-4B4A-AF8A-40490AB09707}
	EndGlobalSection
EndGlobal
